
Microsoft Visual Studio Solution File, Format Version 12.00
# Visual Studio Version 16
VisualStudioVersion = 16.0.30517.126
MinimumVisualStudioVersion = 10.0.40219.1
Project("{FAE04EC0-301F-11D3-BF4B-00C04F79EFBC}") = "PixisAirDatabase", "PixisAirDatabase.csproj", "{2894D87C-91A2-4A62-96BB-1CBE8D0C2FDB}"
EndProject
Global
	GlobalSection(SolutionConfigurationPlatforms) = preSolution
		Debug|Any CPU = Debug|Any CPU
		Release|Any CPU = Release|Any CPU
	EndGlobalSection
	GlobalSection(ProjectConfigurationPlatforms) = postSolution
		{2894D87C-91A2-4A62-96BB-1CBE8D0C2FDB}.Debug|Any CPU.ActiveCfg = Debug|Any CPU
		{2894D87C-91A2-4A62-96BB-1CBE8D0C2FDB}.Debug|Any CPU.Build.0 = Debug|Any CPU
		{2894D87C-91A2-4A62-96BB-1CBE8D0C2FDB}.Release|Any CPU.ActiveCfg = Release|Any CPU
		{2894D87C-91A2-4A62-96BB-1CBE8D0C2FDB}.Release|Any CPU.Build.0 = Release|Any CPU
	EndGlobalSection
	GlobalSection(SolutionProperties) = preSolution
		HideSolutionNode = FALSE
	EndGlobalSection
	GlobalSection(ExtensibilityGlobals) = postSolution
		SolutionGuid = {279744ED-5429-455C-86FC-D43E6BDF30F6}
	EndGlobalSection
EndGlobal
